lockfileVersion: '9.0'

settings:
  autoInstallPeers: true
  excludeLinksFromLockfile: false

importers:

  .:
    dependencies:
      '@deepseek-ai/schemastery':
        specifier: ^3.18.3
        version: 3.18.3

packages:

  '@deepseek-ai/cosmokit@1.8.4':
    resolution: {integrity: sha512-zOX7hFKtUQNY6GlZi1OCGY+bp6swWDf8aFNbCSAonVKEpEb5Tc2m3moUtNZscT7ksflIcVn+qgqYZo9QKUF+fQ==}

  '@deepseek-ai/schemastery@3.18.3':
    resolution: {integrity: sha512-plZIZADuGLT/3PoYmUaEDZd0vG1rVahU89MevnxXsyQhFEi2D6DUuTJel7FUb3cUM9aCzqGMN99sHJe1RIushA==}

  '@standard-schema/spec@1.1.0':
    resolution: {integrity: sha512-l2aFy5jALhniG5HgqrD6jXLi/rUWrKvqN/qJx6yoJsgKhblVd+iqqU4RCXavm/jPityDo5TCvKMnpjKnOriy0w==}

snapshots:

  '@deepseek-ai/cosmokit@1.8.4': {}

  '@deepseek-ai/schemastery@3.18.3':
    dependencies:
      '@deepseek-ai/cosmokit': 1.8.4
      '@standard-schema/spec': 1.1.0

  '@standard-schema/spec@1.1.0': {}
